// !$*UTF8*$!
{
	archiveVersion = 1;
	classes = {
	};
	objectVersion = 46;
	objects = {

/* Begin PBXBuildFile section */
		6E182F061CD1EFDC00679B2E /* AppDelegate.swift in Sources */ = {isa = PBXBuildFile; fileRef = 6E182F051CD1EFDC00679B2E /* AppDelegate.swift */; };
		6E182F081CD1EFDC00679B2E /* ViewController.swift in Sources */ = {isa = PBXBuildFile; fileRef = 6E182F071CD1EFDC00679B2E /* ViewController.swift */; };
		6E182F0B1CD1EFDC00679B2E /* Main.storyboard in Resources */ = {isa = PBXBuildFile; fileRef = 6E182F091CD1EFDC00679B2E /* Main.storyboard */; };
		6E182F0D1CD1EFDC00679B2E /* Assets.xcassets in Resources */ = {isa = PBXBuildFile; fileRef = 6E182F0C1CD1EFDC00679B2E /* Assets.xcassets */; };
		6E182F101CD1EFDC00679B2E /* LaunchScreen.storyboard in Resources */ = {isa = PBXBuildFile; fileRef = 6E182F0E1CD1EFDC00679B2E /* LaunchScreen.storyboard */; };
		6E182F181CD1F11100679B2E /* SetDateAndTimeViewController.swift in Sources */ = {isa = PBXBuildFile; fileRef = 6E182F171CD1F11100679B2E /* SetDateAndTimeViewController.swift */; };
/* End PBXBuildFile section */

/* Begin PBXFileReference section */
		6E182F021CD1EFDC00679B2E /* Project23.app */ = {isa = PBXFileReference; explicitFileType = wrapper.application; includeInIndex = 0; path = Project23.app; sourceTree = BUILT_PRODUCTS_DIR; };
		6E182F051CD1EFDC00679B2E /* AppDelegate.swift */ = {isa = PBXFileReference; lastKnownFileType = sourcecode.swift; path = AppDelegate.swift; sourceTree = "<group>"; };
		6E182F071CD1EFDC00679B2E /* ViewController.swift */ = {isa = PBXFileReference; lastKnownFileType = sourcecode.swift; path = ViewController.swift; sourceTree = "<group>"; };
		6E182F0A1CD1EFDC00679B2E /* Base */ = {isa = PBXFileReference; lastKnownFileType = file.storyboard; name = Base; path = Base.lproj/Main.storyboard; sourceTree = "<group>"; };
		6E182F0C1CD1EFDC00679B2E /* Assets.xcassets */ = {isa = PBXFileReference; lastKnownFileType = folder.assetcatalog; path = Assets.xcassets; sourceTree = "<group>"; };
		6E182F0F1CD1EFDC00679B2E /* Base */ = {isa = PBXFileReference; lastKnownFileType = file.storyboard; name = Base; path = Base.lproj/LaunchScreen.storyboard; sourceTree = "<group>"; };
		6E182F111CD1EFDC00679B2E /* Info.plist */ = {isa = PBXFileReference; lastKnownFileType = text.plist.xml; path = Info.plist; sourceTree = "<group>"; };
		6E182F171CD1F11100679B2E /* SetDateAndTimeViewController.swift */ = {isa = PBXFileReference; fileEncoding = 4; lastKnownFileType = sourcecode.swift; path = SetDateAndTimeViewController.swift; sourceTree = "<group>"; };
/* End PBXFileReference section */

/* Begin PBXFrameworksBuildPhase section */
		6E182EFF1CD1EFDC00679B2E /* Frameworks */ = {
			isa = PBXFrameworksBuildPhase;
			buildActionMask = 2147483647;
			files = (
			);
			runOnlyForDeploymentPostprocessing = 0;
		};
/* End PBXFrameworksBuildPhase section */

/* Begin PBXGroup section */
		6E182EF91CD1EFDC00679B2E = {
			isa = PBXGroup;
			children = (
				6E182F041CD1EFDC00679B2E /* Project23 */,
				6E182F031CD1EFDC00679B2E /* Products */,
			);
			sourceTree = "<group>";
		};
		6E182F031CD1EFDC00679B2E /* Products */ = {
			isa = PBXGroup;
			children = (
				6E182F021CD1EFDC00679B2E /* Project23.app */,
			);
			name = Products;
			sourceTree = "<group>";
		};
		6E182F041CD1EFDC00679B2E /* Project23 */ = {
			isa = PBXGroup;
			children = (
				6E182F051CD1EFDC00679B2E /* AppDelegate.swift */,
				6E182F071CD1EFDC00679B2E /* ViewController.swift */,
				6E182F091CD1EFDC00679B2E /* Main.storyboard */,
				6E182F171CD1F11100679B2E /* SetDateAndTimeViewController.swift */,
				6E182F0C1CD1EFDC00679B2E /* Assets.xcassets */,
				6E182F0E1CD1EFDC00679B2E /* LaunchScreen.storyboard */,
				6E182F111CD1EFDC00679B2E /* Info.plist */,
			);
			path = Project23;
			sourceTree = "<group>";
		};
/* End PBXGroup section */

/* Begin PBXNativeTarget section */
		6E182F011CD1EFDC00679B2E /* Project23 */ = {
			isa = PBXNativeTarget;
			buildConfigurationList = 6E182F141CD1EFDC00679B2E /* Build configuration list for PBXNativeTarget "Project23" */;
			buildPhases = (
				6E182EFE1CD1EFDC00679B2E /* Sources */,
				6E182EFF1CD1EFDC00679B2E /* Frameworks */,
				6E182F001CD1EFDC00679B2E /* Resources */,
			);
			buildRules = (
			);
			dependencies = (
			);
			name = Project23;
			productName = Project23;
			productReference = 6E182F021CD1EFDC00679B2E /* Project23.app */;
			productType = "com.apple.product-type.application";
		};
/* End PBXNativeTarget section */

/* Begin PBXProject section */
		6E182EFA1CD1EFDC00679B2E /* Project object */ = {
			isa = PBXProject;
			attributes = {
				LastSwiftUpdateCheck = 0720;
				LastUpgradeCheck = 0720;
				ORGANIZATIONNAME = xiyoushuaige;
				TargetAttributes = {
					6E182F011CD1EFDC00679B2E = {
						CreatedOnToolsVersion = 7.2.1;
					};
				};
			};
			buildConfigurationList = 6E182EFD1CD1EFDC00679B2E /* Build configuration list for PBXProject "Project23" */;
			compatibilityVersion = "Xcode 3.2";
			developmentRegion = English;
			hasScannedForEncodings = 0;
			knownRegions = (
				en,
				Base,
			);
			mainGroup = 6E182EF91CD1EFDC00679B2E;
			productRefGroup = 6E182F031CD1EFDC00679B2E /* Products */;
			projectDirPath = "";
			projectRoot = "";
			targets = (
				6E182F011CD1EFDC00679B2E /* Project23 */,
			);
		};
/* End PBXProject section */

/* Begin PBXResourcesBuildPhase section */
		6E182F001CD1EFDC00679B2E /* Resources */ = {
			isa = PBXResourcesBuildPhase;
			buildActionMask = 2147483647;
			files = (
				6E182F101CD1EFDC00679B2E /* LaunchScreen.storyboard in Resources */,
				6E182F0D1CD1EFDC00679B2E /* Assets.xcassets in Resources */,
				6E182F0B1CD1EFDC00679B2E /* Main.storyboard in Resources */,
			);
			runOnlyForDeploymentPostprocessing = 0;
		};
/* End PBXResourcesBuildPhase section */

/* Begin PBXSourcesBuildPhase section */
		6E182EFE1CD1EFDC00679B2E /* Sources */ = {
			isa = PBXSourcesBuildPhase;
			buildActionMask = 2147483647;
			files = (
				6E182F081CD1EFDC00679B2E /* ViewController.swift in Sources */,
				6E182F061CD1EFDC00679B2E /* AppDelegate.swift in Sources */,
				6E182F181CD1F11100679B2E /* SetDateAndTimeViewController.swift in Sources */,
			);
			runOnlyForDeploymentPostprocessing = 0;
		};
/* End PBXSourcesBuildPhase section */

/* Begin PBXVariantGroup section */
		6E182F091CD1EFDC00679B2E /* Main.storyboard */ = {
			isa = PBXVariantGroup;
			children = (
				6E182F0A1CD1EFDC00679B2E /* Base */,
			);
			name = Main.storyboard;
			sourceTree = "<group>";
		};
		6E182F0E1CD1EFDC00679B2E /* LaunchScreen.storyboard */ = {
			isa = PBXVariantGroup;
			children = (
				6E182F0F1CD1EFDC00679B2E /* Base */,
			);
			name = LaunchScreen.storyboard;
			sourceTree = "<group>";
		};
/* End PBXVariantGroup section */

/* Begin XCBuildConfiguration section */
		6E182F121CD1EFDC00679B2E /* Debug */ = {
			isa = XCBuildConfiguration;
			buildSettings = {
				ALWAYS_SEARCH_USER_PATHS = NO;
				CLANG_CXX_LANGUAGE_STANDARD = "gnu++0x";
				CLANG_CXX_LIBRARY = "libc++";
				CLANG_ENABLE_MODULES = YES;
				CLANG_ENABLE_OBJC_ARC = YES;
				CLANG_WARN_BOOL_CONVERSION = YES;
				CLANG_WARN_CONSTANT_CONVERSION = YES;
				CLANG_WARN_DIRECT_OBJC_ISA_USAGE = YES_ERROR;
				CLANG_WARN_EMPTY_BODY = YES;
				CLANG_WARN_ENUM_CONVERSION = YES;
				CLANG_WARN_INT_CONVERSION = YES;
				CLANG_WARN_OBJC_ROOT_CLASS = YES_ERROR;
				CLANG_WARN_UNREACHABLE_CODE = YES;
				CLANG_WARN__DUPLICATE_METHOD_MATCH = YES;
				"CODE_SIGN_IDENTITY[sdk=iphoneos*]" = "iPhone Developer";
				COPY_PHASE_STRIP = NO;
				DEBUG_INFORMATION_FORMAT = dwarf;
				ENABLE_STRICT_OBJC_MSGSEND = YES;
				ENABLE_TESTABILITY = YES;
				GCC_C_LANGUAGE_STANDARD = gnu99;
				GCC_DYNAMIC_NO_PIC = NO;
				GCC_NO_COMMON_BLOCKS = YES;
				GCC_OPTIMIZATION_LEVEL = 0;
				GCC_PREPROCESSOR_DEFINITIONS = (
					"DEBUG=1",
					"$(inherited)",
				);
				GCC_WARN_64_TO_32_BIT_CONVERSION = YES;
				GCC_WARN_ABOUT_RETURN_TYPE = YES_ERROR;
				GCC_WARN_UNDECLARED_SELECTOR = YES;
				GCC_WARN_UNINITIALIZED_AUTOS = YES_AGGRESSIVE;
				GCC_WARN_UNUSED_FUNCTION = YES;
				GCC_WARN_UNUSED_VARIABLE = YES;
				IPHONEOS_DEPLOYMENT_TARGET = 9.2;
				MTL_ENABLE_DEBUG_INFO = YES;
				ONLY_ACTIVE_ARCH = YES;
				SDKROOT = iphoneos;
				SWIFT_OPTIMIZATION_LEVEL = "-Onone";
			};
			name = Debug;
		};
		6E182F131CD1EFDC00679B2E /* Release */ = {
			isa = XCBuildConfiguration;
			buildSettings = {
				ALWAYS_SEARCH_USER_PATHS = NO;
				CLANG_CXX_LANGUAGE_STANDARD = "gnu++0x";
				CLANG_CXX_LIBRARY = "libc++";
				CLANG_ENABLE_MODULES = YES;
				CLANG_ENABLE_OBJC_ARC = YES;
				CLANG_WARN_BOOL_CONVERSION = YES;
				CLANG_WARN_CONSTANT_CONVERSION = YES;
				CLANG_WARN_DIRECT_OBJC_ISA_USAGE = YES_ERROR;
				CLANG_WARN_EMPTY_BODY = YES;
				CLANG_WARN_ENUM_CONVERSION = YES;
				CLANG_WARN_INT_CONVERSION = YES;
				CLANG_WARN_OBJC_ROOT_CLASS = YES_ERROR;
				CLANG_WARN_UNREACHABLE_CODE = YES;
				CLANG_WARN__DUPLICATE_METHOD_MATCH = YES;
				"CODE_SIGN_IDENTITY[sdk=iphoneos*]" = "iPhone Developer";
				COPY_PHASE_STRIP = NO;
				DEBUG_INFORMATION_FORMAT = "dwarf-with-dsym";
				ENABLE_NS_ASSERTIONS = NO;
				ENABLE_STRICT_OBJC_MSGSEND = YES;
				GCC_C_LANGUAGE_STANDARD = gnu99;
				GCC_NO_COMMON_BLOCKS = YES;
				GCC_WARN_64_TO_32_BIT_CONVERSION = YES;
				GCC_WARN_ABOUT_RETURN_TYPE = YES_ERROR;
				GCC_WARN_UNDECLARED_SELECTOR = YES;
				GCC_WARN_UNINITIALIZED_AUTOS = YES_AGGRESSIVE;
				GCC_WARN_UNUSED_FUNCTION = YES;
				GCC_WARN_UNUSED_VARIABLE = YES;
				IPHONEOS_DEPLOYMENT_TARGET = 9.2;
				MTL_ENABLE_DEBUG_INFO = NO;
				SDKROOT = iphoneos;
				VALIDATE_PRODUCT = YES;
			};
			name = Release;
		};
		6E182F151CD1EFDC00679B2E /* Debug */ = {
			isa = XCBuildConfiguration;
			buildSettings = {
				ASSETCATALOG_COMPILER_APPICON_NAME = AppIcon;
				INFOPLIST_FILE = Project23/Info.plist;
				LD_RUNPATH_SEARCH_PATHS = "$(inherited) @executable_path/Frameworks";
				PRODUCT_BUNDLE_IDENTIFIER = com.xiyoushuaige.Project23;
				PRODUCT_NAME = "$(TARGET_NAME)";
			};
			name = Debug;
		};
		6E182F161CD1EFDC00679B2E /* Release */ = {
			isa = XCBuildConfiguration;
			buildSettings = {
				ASSETCATALOG_COMPILER_APPICON_NAME = AppIcon;
				INFOPLIST_FILE = Project23/Info.plist;
				LD_RUNPATH_SEARCH_PATHS = "$(inherited) @executable_path/Frameworks";
				PRODUCT_BUNDLE_IDENTIFIER = com.xiyoushuaige.Project23;
				PRODUCT_NAME = "$(TARGET_NAME)";
			};
			name = Release;
		};
/* End XCBuildConfiguration section */

/* Begin XCConfigurationList section */
		6E182EFD1CD1EFDC00679B2E /* Build configuration list for PBXProject "Project23" */ = {
			isa = XCConfigurationList;
			buildConfigurations = (
				6E182F121CD1EFDC00679B2E /* Debug */,
				6E182F131CD1EFDC00679B2E /* Release */,
			);
			defaultConfigurationIsVisible = 0;
			defaultConfigurationName = Release;
		};
		6E182F141CD1EFDC00679B2E /* Build configuration list for PBXNativeTarget "Project23" */ = {
			isa = XCConfigurationList;
			buildConfigurations = (
				6E182F151CD1EFDC00679B2E /* Debug */,
				6E182F161CD1EFDC00679B2E /* Release */,
			);
			defaultConfigurationIsVisible = 0;
		};
/* End XCConfigurationList section */
	};
	rootObject = 6E182EFA1CD1EFDC00679B2E /* Project object */;
}
