// !$*UTF8*$!
{
	archiveVersion = 1;
	classes = {
	};
	objectVersion = 46;
	objects = {

/* Begin PBXBuildFile section */
		6E3FFE4F1CD347D500694A24 /* AppDelegate.swift in Sources */ = {isa = PBXBuildFile; fileRef = 6E3FFE4E1CD347D500694A24 /* AppDelegate.swift */; };
		6E3FFE541CD347D500694A24 /* Main.storyboard in Resources */ = {isa = PBXBuildFile; fileRef = 6E3FFE521CD347D500694A24 /* Main.storyboard */; };
		6E3FFE561CD347D500694A24 /* Assets.xcassets in Resources */ = {isa = PBXBuildFile; fileRef = 6E3FFE551CD347D500694A24 /* Assets.xcassets */; };
		6E3FFE591CD347D500694A24 /* LaunchScreen.storyboard in Resources */ = {isa = PBXBuildFile; fileRef = 6E3FFE571CD347D500694A24 /* LaunchScreen.storyboard */; };
		6E3FFE631CD348BF00694A24 /* PhotosCollectionViewController.swift in Sources */ = {isa = PBXBuildFile; fileRef = 6E3FFE621CD348BF00694A24 /* PhotosCollectionViewController.swift */; };
		6E3FFE651CD34C4200694A24 /* PhotosCollectionViewCell.swift in Sources */ = {isa = PBXBuildFile; fileRef = 6E3FFE641CD34C4200694A24 /* PhotosCollectionViewCell.swift */; };
		6E3FFE671CD34C8000694A24 /* PhotosCollectionViewFlowLayout.swift in Sources */ = {isa = PBXBuildFile; fileRef = 6E3FFE661CD34C8000694A24 /* PhotosCollectionViewFlowLayout.swift */; };
		6E3FFE691CD3517400694A24 /* DetailViewController.swift in Sources */ = {isa = PBXBuildFile; fileRef = 6E3FFE681CD3517400694A24 /* DetailViewController.swift */; };
		6ED11ACD1CD8920A00CE4820 /* ReportViewController.swift in Sources */ = {isa = PBXBuildFile; fileRef = 6ED11ACC1CD8920A00CE4820 /* ReportViewController.swift */; };
		6ED11ACF1CD8922200CE4820 /* ShareViewController.swift in Sources */ = {isa = PBXBuildFile; fileRef = 6ED11ACE1CD8922200CE4820 /* ShareViewController.swift */; };
/* End PBXBuildFile section */

/* Begin PBXFileReference section */
		6E3FFE4B1CD347D500694A24 /* Project25.app */ = {isa = PBXFileReference; explicitFileType = wrapper.application; includeInIndex = 0; path = Project25.app; sourceTree = BUILT_PRODUCTS_DIR; };
		6E3FFE4E1CD347D500694A24 /* AppDelegate.swift */ = {isa = PBXFileReference; lastKnownFileType = sourcecode.swift; path = AppDelegate.swift; sourceTree = "<group>"; };
		6E3FFE531CD347D500694A24 /* Base */ = {isa = PBXFileReference; lastKnownFileType = file.storyboard; name = Base; path = Base.lproj/Main.storyboard; sourceTree = "<group>"; };
		6E3FFE551CD347D500694A24 /* Assets.xcassets */ = {isa = PBXFileReference; lastKnownFileType = folder.assetcatalog; path = Assets.xcassets; sourceTree = "<group>"; };
		6E3FFE581CD347D500694A24 /* Base */ = {isa = PBXFileReference; lastKnownFileType = file.storyboard; name = Base; path = Base.lproj/LaunchScreen.storyboard; sourceTree = "<group>"; };
		6E3FFE5A1CD347D500694A24 /* Info.plist */ = {isa = PBXFileReference; lastKnownFileType = text.plist.xml; path = Info.plist; sourceTree = "<group>"; };
		6E3FFE621CD348BF00694A24 /* PhotosCollectionViewController.swift */ = {isa = PBXFileReference; fileEncoding = 4; lastKnownFileType = sourcecode.swift; path = PhotosCollectionViewController.swift; sourceTree = "<group>"; };
		6E3FFE641CD34C4200694A24 /* PhotosCollectionViewCell.swift */ = {isa = PBXFileReference; fileEncoding = 4; lastKnownFileType = sourcecode.swift; path = PhotosCollectionViewCell.swift; sourceTree = "<group>"; };
		6E3FFE661CD34C8000694A24 /* PhotosCollectionViewFlowLayout.swift */ = {isa = PBXFileReference; fileEncoding = 4; lastKnownFileType = sourcecode.swift; path = PhotosCollectionViewFlowLayout.swift; sourceTree = "<group>"; };
		6E3FFE681CD3517400694A24 /* DetailViewController.swift */ = {isa = PBXFileReference; fileEncoding = 4; lastKnownFileType = sourcecode.swift; path = DetailViewController.swift; sourceTree = "<group>"; };
		6ED11ACC1CD8920A00CE4820 /* ReportViewController.swift */ = {isa = PBXFileReference; fileEncoding = 4; lastKnownFileType = sourcecode.swift; path = ReportViewController.swift; sourceTree = "<group>"; };
		6ED11ACE1CD8922200CE4820 /* ShareViewController.swift */ = {isa = PBXFileReference; fileEncoding = 4; lastKnownFileType = sourcecode.swift; path = ShareViewController.swift; sourceTree = "<group>"; };
/* End PBXFileReference section */

/* Begin PBXFrameworksBuildPhase section */
		6E3FFE481CD347D500694A24 /* Frameworks */ = {
			isa = PBXFrameworksBuildPhase;
			buildActionMask = 2147483647;
			files = (
			);
			runOnlyForDeploymentPostprocessing = 0;
		};
/* End PBXFrameworksBuildPhase section */

/* Begin PBXGroup section */
		6E3FFE421CD347D500694A24 = {
			isa = PBXGroup;
			children = (
				6E3FFE4D1CD347D500694A24 /* Project25 */,
				6E3FFE4C1CD347D500694A24 /* Products */,
			);
			sourceTree = "<group>";
		};
		6E3FFE4C1CD347D500694A24 /* Products */ = {
			isa = PBXGroup;
			children = (
				6E3FFE4B1CD347D500694A24 /* Project25.app */,
			);
			name = Products;
			sourceTree = "<group>";
		};
		6E3FFE4D1CD347D500694A24 /* Project25 */ = {
			isa = PBXGroup;
			children = (
				6E3FFE4E1CD347D500694A24 /* AppDelegate.swift */,
				6E3FFE521CD347D500694A24 /* Main.storyboard */,
				6E3FFE681CD3517400694A24 /* DetailViewController.swift */,
				6ED11ACE1CD8922200CE4820 /* ShareViewController.swift */,
				6ED11ACC1CD8920A00CE4820 /* ReportViewController.swift */,
				6E3FFE621CD348BF00694A24 /* PhotosCollectionViewController.swift */,
				6E3FFE641CD34C4200694A24 /* PhotosCollectionViewCell.swift */,
				6E3FFE661CD34C8000694A24 /* PhotosCollectionViewFlowLayout.swift */,
				6E3FFE551CD347D500694A24 /* Assets.xcassets */,
				6E3FFE571CD347D500694A24 /* LaunchScreen.storyboard */,
				6E3FFE5A1CD347D500694A24 /* Info.plist */,
			);
			path = Project25;
			sourceTree = "<group>";
		};
/* End PBXGroup section */

/* Begin PBXNativeTarget section */
		6E3FFE4A1CD347D500694A24 /* Project25 */ = {
			isa = PBXNativeTarget;
			buildConfigurationList = 6E3FFE5D1CD347D500694A24 /* Build configuration list for PBXNativeTarget "Project25" */;
			buildPhases = (
				6E3FFE471CD347D500694A24 /* Sources */,
				6E3FFE481CD347D500694A24 /* Frameworks */,
				6E3FFE491CD347D500694A24 /* Resources */,
			);
			buildRules = (
			);
			dependencies = (
			);
			name = Project25;
			productName = Project25;
			productReference = 6E3FFE4B1CD347D500694A24 /* Project25.app */;
			productType = "com.apple.product-type.application";
		};
/* End PBXNativeTarget section */

/* Begin PBXProject section */
		6E3FFE431CD347D500694A24 /* Project object */ = {
			isa = PBXProject;
			attributes = {
				LastSwiftUpdateCheck = 0720;
				LastUpgradeCheck = 0720;
				ORGANIZATIONNAME = xiyoushuaige;
				TargetAttributes = {
					6E3FFE4A1CD347D500694A24 = {
						CreatedOnToolsVersion = 7.2.1;
					};
				};
			};
			buildConfigurationList = 6E3FFE461CD347D500694A24 /* Build configuration list for PBXProject "Project25" */;
			compatibilityVersion = "Xcode 3.2";
			developmentRegion = English;
			hasScannedForEncodings = 0;
			knownRegions = (
				en,
				Base,
			);
			mainGroup = 6E3FFE421CD347D500694A24;
			productRefGroup = 6E3FFE4C1CD347D500694A24 /* Products */;
			projectDirPath = "";
			projectRoot = "";
			targets = (
				6E3FFE4A1CD347D500694A24 /* Project25 */,
			);
		};
/* End PBXProject section */

/* Begin PBXResourcesBuildPhase section */
		6E3FFE491CD347D500694A24 /* Resources */ = {
			isa = PBXResourcesBuildPhase;
			buildActionMask = 2147483647;
			files = (
				6E3FFE591CD347D500694A24 /* LaunchScreen.storyboard in Resources */,
				6E3FFE561CD347D500694A24 /* Assets.xcassets in Resources */,
				6E3FFE541CD347D500694A24 /* Main.storyboard in Resources */,
			);
			runOnlyForDeploymentPostprocessing = 0;
		};
/* End PBXResourcesBuildPhase section */

/* Begin PBXSourcesBuildPhase section */
		6E3FFE471CD347D500694A24 /* Sources */ = {
			isa = PBXSourcesBuildPhase;
			buildActionMask = 2147483647;
			files = (
				6ED11ACF1CD8922200CE4820 /* ShareViewController.swift in Sources */,
				6E3FFE4F1CD347D500694A24 /* AppDelegate.swift in Sources */,
				6E3FFE671CD34C8000694A24 /* PhotosCollectionViewFlowLayout.swift in Sources */,
				6ED11ACD1CD8920A00CE4820 /* ReportViewController.swift in Sources */,
				6E3FFE691CD3517400694A24 /* DetailViewController.swift in Sources */,
				6E3FFE631CD348BF00694A24 /* PhotosCollectionViewController.swift in Sources */,
				6E3FFE651CD34C4200694A24 /* PhotosCollectionViewCell.swift in Sources */,
			);
			runOnlyForDeploymentPostprocessing = 0;
		};
/* End PBXSourcesBuildPhase section */

/* Begin PBXVariantGroup section */
		6E3FFE521CD347D500694A24 /* Main.storyboard */ = {
			isa = PBXVariantGroup;
			children = (
				6E3FFE531CD347D500694A24 /* Base */,
			);
			name = Main.storyboard;
			sourceTree = "<group>";
		};
		6E3FFE571CD347D500694A24 /* LaunchScreen.storyboard */ = {
			isa = PBXVariantGroup;
			children = (
				6E3FFE581CD347D500694A24 /* Base */,
			);
			name = LaunchScreen.storyboard;
			sourceTree = "<group>";
		};
/* End PBXVariantGroup section */

/* Begin XCBuildConfiguration section */
		6E3FFE5B1CD347D500694A24 /* Debug */ = {
			isa = XCBuildConfiguration;
			buildSettings = {
				ALWAYS_SEARCH_USER_PATHS = NO;
				CLANG_CXX_LANGUAGE_STANDARD = "gnu++0x";
				CLANG_CXX_LIBRARY = "libc++";
				CLANG_ENABLE_MODULES = YES;
				CLANG_ENABLE_OBJC_ARC = YES;
				CLANG_WARN_BOOL_CONVERSION = YES;
				CLANG_WARN_CONSTANT_CONVERSION = YES;
				CLANG_WARN_DIRECT_OBJC_ISA_USAGE = YES_ERROR;
				CLANG_WARN_EMPTY_BODY = YES;
				CLANG_WARN_ENUM_CONVERSION = YES;
				CLANG_WARN_INT_CONVERSION = YES;
				CLANG_WARN_OBJC_ROOT_CLASS = YES_ERROR;
				CLANG_WARN_UNREACHABLE_CODE = YES;
				CLANG_WARN__DUPLICATE_METHOD_MATCH = YES;
				"CODE_SIGN_IDENTITY[sdk=iphoneos*]" = "iPhone Developer";
				COPY_PHASE_STRIP = NO;
				DEBUG_INFORMATION_FORMAT = dwarf;
				ENABLE_STRICT_OBJC_MSGSEND = YES;
				ENABLE_TESTABILITY = YES;
				GCC_C_LANGUAGE_STANDARD = gnu99;
				GCC_DYNAMIC_NO_PIC = NO;
				GCC_NO_COMMON_BLOCKS = YES;
				GCC_OPTIMIZATION_LEVEL = 0;
				GCC_PREPROCESSOR_DEFINITIONS = (
					"DEBUG=1",
					"$(inherited)",
				);
				GCC_WARN_64_TO_32_BIT_CONVERSION = YES;
				GCC_WARN_ABOUT_RETURN_TYPE = YES_ERROR;
				GCC_WARN_UNDECLARED_SELECTOR = YES;
				GCC_WARN_UNINITIALIZED_AUTOS = YES_AGGRESSIVE;
				GCC_WARN_UNUSED_FUNCTION = YES;
				GCC_WARN_UNUSED_VARIABLE = YES;
				IPHONEOS_DEPLOYMENT_TARGET = 9.2;
				MTL_ENABLE_DEBUG_INFO = YES;
				ONLY_ACTIVE_ARCH = YES;
				SDKROOT = iphoneos;
				SWIFT_OPTIMIZATION_LEVEL = "-Onone";
			};
			name = Debug;
		};
		6E3FFE5C1CD347D500694A24 /* Release */ = {
			isa = XCBuildConfiguration;
			buildSettings = {
				ALWAYS_SEARCH_USER_PATHS = NO;
				CLANG_CXX_LANGUAGE_STANDARD = "gnu++0x";
				CLANG_CXX_LIBRARY = "libc++";
				CLANG_ENABLE_MODULES = YES;
				CLANG_ENABLE_OBJC_ARC = YES;
				CLANG_WARN_BOOL_CONVERSION = YES;
				CLANG_WARN_CONSTANT_CONVERSION = YES;
				CLANG_WARN_DIRECT_OBJC_ISA_USAGE = YES_ERROR;
				CLANG_WARN_EMPTY_BODY = YES;
				CLANG_WARN_ENUM_CONVERSION = YES;
				CLANG_WARN_INT_CONVERSION = YES;
				CLANG_WARN_OBJC_ROOT_CLASS = YES_ERROR;
				CLANG_WARN_UNREACHABLE_CODE = YES;
				CLANG_WARN__DUPLICATE_METHOD_MATCH = YES;
				"CODE_SIGN_IDENTITY[sdk=iphoneos*]" = "iPhone Developer";
				COPY_PHASE_STRIP = NO;
				DEBUG_INFORMATION_FORMAT = "dwarf-with-dsym";
				ENABLE_NS_ASSERTIONS = NO;
				ENABLE_STRICT_OBJC_MSGSEND = YES;
				GCC_C_LANGUAGE_STANDARD = gnu99;
				GCC_NO_COMMON_BLOCKS = YES;
				GCC_WARN_64_TO_32_BIT_CONVERSION = YES;
				GCC_WARN_ABOUT_RETURN_TYPE = YES_ERROR;
				GCC_WARN_UNDECLARED_SELECTOR = YES;
				GCC_WARN_UNINITIALIZED_AUTOS = YES_AGGRESSIVE;
				GCC_WARN_UNUSED_FUNCTION = YES;
				GCC_WARN_UNUSED_VARIABLE = YES;
				IPHONEOS_DEPLOYMENT_TARGET = 9.2;
				MTL_ENABLE_DEBUG_INFO = NO;
				SDKROOT = iphoneos;
				VALIDATE_PRODUCT = YES;
			};
			name = Release;
		};
		6E3FFE5E1CD347D500694A24 /* Debug */ = {
			isa = XCBuildConfiguration;
			buildSettings = {
				ASSETCATALOG_COMPILER_APPICON_NAME = AppIcon;
				INFOPLIST_FILE = Project25/Info.plist;
				LD_RUNPATH_SEARCH_PATHS = "$(inherited) @executable_path/Frameworks";
				PRODUCT_BUNDLE_IDENTIFIER = com.xiyoushuaige.Project25;
				PRODUCT_NAME = "$(TARGET_NAME)";
			};
			name = Debug;
		};
		6E3FFE5F1CD347D500694A24 /* Release */ = {
			isa = XCBuildConfiguration;
			buildSettings = {
				ASSETCATALOG_COMPILER_APPICON_NAME = AppIcon;
				INFOPLIST_FILE = Project25/Info.plist;
				LD_RUNPATH_SEARCH_PATHS = "$(inherited) @executable_path/Frameworks";
				PRODUCT_BUNDLE_IDENTIFIER = com.xiyoushuaige.Project25;
				PRODUCT_NAME = "$(TARGET_NAME)";
			};
			name = Release;
		};
/* End XCBuildConfiguration section */

/* Begin XCConfigurationList section */
		6E3FFE461CD347D500694A24 /* Build configuration list for PBXProject "Project25" */ = {
			isa = XCConfigurationList;
			buildConfigurations = (
				6E3FFE5B1CD347D500694A24 /* Debug */,
				6E3FFE5C1CD347D500694A24 /* Release */,
			);
			defaultConfigurationIsVisible = 0;
			defaultConfigurationName = Release;
		};
		6E3FFE5D1CD347D500694A24 /* Build configuration list for PBXNativeTarget "Project25" */ = {
			isa = XCConfigurationList;
			buildConfigurations = (
				6E3FFE5E1CD347D500694A24 /* Debug */,
				6E3FFE5F1CD347D500694A24 /* Release */,
			);
			defaultConfigurationIsVisible = 0;
			defaultConfigurationName = Release;
		};
/* End XCConfigurationList section */
	};
	rootObject = 6E3FFE431CD347D500694A24 /* Project object */;
}
