// !$*UTF8*$!
{
	archiveVersion = 1;
	classes = {
	};
	objectVersion = 46;
	objects = {

/* Begin PBXBuildFile section */
		6ED11ADD1CD8A23000CE4820 /* AppDelegate.swift in Sources */ = {isa = PBXBuildFile; fileRef = 6ED11ADC1CD8A23000CE4820 /* AppDelegate.swift */; };
		6ED11AE21CD8A23000CE4820 /* Main.storyboard in Resources */ = {isa = PBXBuildFile; fileRef = 6ED11AE01CD8A23000CE4820 /* Main.storyboard */; };
		6ED11AE41CD8A23000CE4820 /* Assets.xcassets in Resources */ = {isa = PBXBuildFile; fileRef = 6ED11AE31CD8A23000CE4820 /* Assets.xcassets */; };
		6ED11AE71CD8A23000CE4820 /* LaunchScreen.storyboard in Resources */ = {isa = PBXBuildFile; fileRef = 6ED11AE51CD8A23000CE4820 /* LaunchScreen.storyboard */; };
		6ED11AEF1CD8A26400CE4820 /* TableViewController.swift in Sources */ = {isa = PBXBuildFile; fileRef = 6ED11AEE1CD8A26400CE4820 /* TableViewController.swift */; };
/* End PBXBuildFile section */

/* Begin PBXFileReference section */
		6ED11AD91CD8A23000CE4820 /* Project27.app */ = {isa = PBXFileReference; explicitFileType = wrapper.application; includeInIndex = 0; path = Project27.app; sourceTree = BUILT_PRODUCTS_DIR; };
		6ED11ADC1CD8A23000CE4820 /* AppDelegate.swift */ = {isa = PBXFileReference; lastKnownFileType = sourcecode.swift; path = AppDelegate.swift; sourceTree = "<group>"; };
		6ED11AE11CD8A23000CE4820 /* Base */ = {isa = PBXFileReference; lastKnownFileType = file.storyboard; name = Base; path = Base.lproj/Main.storyboard; sourceTree = "<group>"; };
		6ED11AE31CD8A23000CE4820 /* Assets.xcassets */ = {isa = PBXFileReference; lastKnownFileType = folder.assetcatalog; path = Assets.xcassets; sourceTree = "<group>"; };
		6ED11AE61CD8A23000CE4820 /* Base */ = {isa = PBXFileReference; lastKnownFileType = file.storyboard; name = Base; path = Base.lproj/LaunchScreen.storyboard; sourceTree = "<group>"; };
		6ED11AE81CD8A23000CE4820 /* Info.plist */ = {isa = PBXFileReference; lastKnownFileType = text.plist.xml; path = Info.plist; sourceTree = "<group>"; };
		6ED11AEE1CD8A26400CE4820 /* TableViewController.swift */ = {isa = PBXFileReference; fileEncoding = 4; lastKnownFileType = sourcecode.swift; path = TableViewController.swift; sourceTree = "<group>"; };
/* End PBXFileReference section */

/* Begin PBXFrameworksBuildPhase section */
		6ED11AD61CD8A23000CE4820 /* Frameworks */ = {
			isa = PBXFrameworksBuildPhase;
			buildActionMask = 2147483647;
			files = (
			);
			runOnlyForDeploymentPostprocessing = 0;
		};
/* End PBXFrameworksBuildPhase section */

/* Begin PBXGroup section */
		6ED11AD01CD8A23000CE4820 = {
			isa = PBXGroup;
			children = (
				6ED11ADB1CD8A23000CE4820 /* Project27 */,
				6ED11ADA1CD8A23000CE4820 /* Products */,
			);
			sourceTree = "<group>";
		};
		6ED11ADA1CD8A23000CE4820 /* Products */ = {
			isa = PBXGroup;
			children = (
				6ED11AD91CD8A23000CE4820 /* Project27.app */,
			);
			name = Products;
			sourceTree = "<group>";
		};
		6ED11ADB1CD8A23000CE4820 /* Project27 */ = {
			isa = PBXGroup;
			children = (
				6ED11ADC1CD8A23000CE4820 /* AppDelegate.swift */,
				6ED11AE01CD8A23000CE4820 /* Main.storyboard */,
				6ED11AEE1CD8A26400CE4820 /* TableViewController.swift */,
				6ED11AE31CD8A23000CE4820 /* Assets.xcassets */,
				6ED11AE51CD8A23000CE4820 /* LaunchScreen.storyboard */,
				6ED11AE81CD8A23000CE4820 /* Info.plist */,
			);
			path = Project27;
			sourceTree = "<group>";
		};
/* End PBXGroup section */

/* Begin PBXNativeTarget section */
		6ED11AD81CD8A23000CE4820 /* Project27 */ = {
			isa = PBXNativeTarget;
			buildConfigurationList = 6ED11AEB1CD8A23000CE4820 /* Build configuration list for PBXNativeTarget "Project27" */;
			buildPhases = (
				6ED11AD51CD8A23000CE4820 /* Sources */,
				6ED11AD61CD8A23000CE4820 /* Frameworks */,
				6ED11AD71CD8A23000CE4820 /* Resources */,
			);
			buildRules = (
			);
			dependencies = (
			);
			name = Project27;
			productName = Project27;
			productReference = 6ED11AD91CD8A23000CE4820 /* Project27.app */;
			productType = "com.apple.product-type.application";
		};
/* End PBXNativeTarget section */

/* Begin PBXProject section */
		6ED11AD11CD8A23000CE4820 /* Project object */ = {
			isa = PBXProject;
			attributes = {
				LastSwiftUpdateCheck = 0720;
				LastUpgradeCheck = 0720;
				ORGANIZATIONNAME = xiyoushuaige;
				TargetAttributes = {
					6ED11AD81CD8A23000CE4820 = {
						CreatedOnToolsVersion = 7.2.1;
					};
				};
			};
			buildConfigurationList = 6ED11AD41CD8A23000CE4820 /* Build configuration list for PBXProject "Project27" */;
			compatibilityVersion = "Xcode 3.2";
			developmentRegion = English;
			hasScannedForEncodings = 0;
			knownRegions = (
				en,
				Base,
			);
			mainGroup = 6ED11AD01CD8A23000CE4820;
			productRefGroup = 6ED11ADA1CD8A23000CE4820 /* Products */;
			projectDirPath = "";
			projectRoot = "";
			targets = (
				6ED11AD81CD8A23000CE4820 /* Project27 */,
			);
		};
/* End PBXProject section */

/* Begin PBXResourcesBuildPhase section */
		6ED11AD71CD8A23000CE4820 /* Resources */ = {
			isa = PBXResourcesBuildPhase;
			buildActionMask = 2147483647;
			files = (
				6ED11AE71CD8A23000CE4820 /* LaunchScreen.storyboard in Resources */,
				6ED11AE41CD8A23000CE4820 /* Assets.xcassets in Resources */,
				6ED11AE21CD8A23000CE4820 /* Main.storyboard in Resources */,
			);
			runOnlyForDeploymentPostprocessing = 0;
		};
/* End PBXResourcesBuildPhase section */

/* Begin PBXSourcesBuildPhase section */
		6ED11AD51CD8A23000CE4820 /* Sources */ = {
			isa = PBXSourcesBuildPhase;
			buildActionMask = 2147483647;
			files = (
				6ED11ADD1CD8A23000CE4820 /* AppDelegate.swift in Sources */,
				6ED11AEF1CD8A26400CE4820 /* TableViewController.swift in Sources */,
			);
			runOnlyForDeploymentPostprocessing = 0;
		};
/* End PBXSourcesBuildPhase section */

/* Begin PBXVariantGroup section */
		6ED11AE01CD8A23000CE4820 /* Main.storyboard */ = {
			isa = PBXVariantGroup;
			children = (
				6ED11AE11CD8A23000CE4820 /* Base */,
			);
			name = Main.storyboard;
			sourceTree = "<group>";
		};
		6ED11AE51CD8A23000CE4820 /* LaunchScreen.storyboard */ = {
			isa = PBXVariantGroup;
			children = (
				6ED11AE61CD8A23000CE4820 /* Base */,
			);
			name = LaunchScreen.storyboard;
			sourceTree = "<group>";
		};
/* End PBXVariantGroup section */

/* Begin XCBuildConfiguration section */
		6ED11AE91CD8A23000CE4820 /* Debug */ = {
			isa = XCBuildConfiguration;
			buildSettings = {
				ALWAYS_SEARCH_USER_PATHS = NO;
				CLANG_CXX_LANGUAGE_STANDARD = "gnu++0x";
				CLANG_CXX_LIBRARY = "libc++";
				CLANG_ENABLE_MODULES = YES;
				CLANG_ENABLE_OBJC_ARC = YES;
				CLANG_WARN_BOOL_CONVERSION = YES;
				CLANG_WARN_CONSTANT_CONVERSION = YES;
				CLANG_WARN_DIRECT_OBJC_ISA_USAGE = YES_ERROR;
				CLANG_WARN_EMPTY_BODY = YES;
				CLANG_WARN_ENUM_CONVERSION = YES;
				CLANG_WARN_INT_CONVERSION = YES;
				CLANG_WARN_OBJC_ROOT_CLASS = YES_ERROR;
				CLANG_WARN_UNREACHABLE_CODE = YES;
				CLANG_WARN__DUPLICATE_METHOD_MATCH = YES;
				"CODE_SIGN_IDENTITY[sdk=iphoneos*]" = "iPhone Developer";
				COPY_PHASE_STRIP = NO;
				DEBUG_INFORMATION_FORMAT = dwarf;
				ENABLE_STRICT_OBJC_MSGSEND = YES;
				ENABLE_TESTABILITY = YES;
				GCC_C_LANGUAGE_STANDARD = gnu99;
				GCC_DYNAMIC_NO_PIC = NO;
				GCC_NO_COMMON_BLOCKS = YES;
				GCC_OPTIMIZATION_LEVEL = 0;
				GCC_PREPROCESSOR_DEFINITIONS = (
					"DEBUG=1",
					"$(inherited)",
				);
				GCC_WARN_64_TO_32_BIT_CONVERSION = YES;
				GCC_WARN_ABOUT_RETURN_TYPE = YES_ERROR;
				GCC_WARN_UNDECLARED_SELECTOR = YES;
				GCC_WARN_UNINITIALIZED_AUTOS = YES_AGGRESSIVE;
				GCC_WARN_UNUSED_FUNCTION = YES;
				GCC_WARN_UNUSED_VARIABLE = YES;
				IPHONEOS_DEPLOYMENT_TARGET = 9.2;
				MTL_ENABLE_DEBUG_INFO = YES;
				ONLY_ACTIVE_ARCH = YES;
				SDKROOT = iphoneos;
				SWIFT_OPTIMIZATION_LEVEL = "-Onone";
			};
			name = Debug;
		};
		6ED11AEA1CD8A23000CE4820 /* Release */ = {
			isa = XCBuildConfiguration;
			buildSettings = {
				ALWAYS_SEARCH_USER_PATHS = NO;
				CLANG_CXX_LANGUAGE_STANDARD = "gnu++0x";
				CLANG_CXX_LIBRARY = "libc++";
				CLANG_ENABLE_MODULES = YES;
				CLANG_ENABLE_OBJC_ARC = YES;
				CLANG_WARN_BOOL_CONVERSION = YES;
				CLANG_WARN_CONSTANT_CONVERSION = YES;
				CLANG_WARN_DIRECT_OBJC_ISA_USAGE = YES_ERROR;
				CLANG_WARN_EMPTY_BODY = YES;
				CLANG_WARN_ENUM_CONVERSION = YES;
				CLANG_WARN_INT_CONVERSION = YES;
				CLANG_WARN_OBJC_ROOT_CLASS = YES_ERROR;
				CLANG_WARN_UNREACHABLE_CODE = YES;
				CLANG_WARN__DUPLICATE_METHOD_MATCH = YES;
				"CODE_SIGN_IDENTITY[sdk=iphoneos*]" = "iPhone Developer";
				COPY_PHASE_STRIP = NO;
				DEBUG_INFORMATION_FORMAT = "dwarf-with-dsym";
				ENABLE_NS_ASSERTIONS = NO;
				ENABLE_STRICT_OBJC_MSGSEND = YES;
				GCC_C_LANGUAGE_STANDARD = gnu99;
				GCC_NO_COMMON_BLOCKS = YES;
				GCC_WARN_64_TO_32_BIT_CONVERSION = YES;
				GCC_WARN_ABOUT_RETURN_TYPE = YES_ERROR;
				GCC_WARN_UNDECLARED_SELECTOR = YES;
				GCC_WARN_UNINITIALIZED_AUTOS = YES_AGGRESSIVE;
				GCC_WARN_UNUSED_FUNCTION = YES;
				GCC_WARN_UNUSED_VARIABLE = YES;
				IPHONEOS_DEPLOYMENT_TARGET = 9.2;
				MTL_ENABLE_DEBUG_INFO = NO;
				SDKROOT = iphoneos;
				VALIDATE_PRODUCT = YES;
			};
			name = Release;
		};
		6ED11AEC1CD8A23000CE4820 /* Debug */ = {
			isa = XCBuildConfiguration;
			buildSettings = {
				ASSETCATALOG_COMPILER_APPICON_NAME = AppIcon;
				INFOPLIST_FILE = Project27/Info.plist;
				LD_RUNPATH_SEARCH_PATHS = "$(inherited) @executable_path/Frameworks";
				PRODUCT_BUNDLE_IDENTIFIER = com.xiyoushuaige.Project27;
				PRODUCT_NAME = "$(TARGET_NAME)";
			};
			name = Debug;
		};
		6ED11AED1CD8A23000CE4820 /* Release */ = {
			isa = XCBuildConfiguration;
			buildSettings = {
				ASSETCATALOG_COMPILER_APPICON_NAME = AppIcon;
				INFOPLIST_FILE = Project27/Info.plist;
				LD_RUNPATH_SEARCH_PATHS = "$(inherited) @executable_path/Frameworks";
				PRODUCT_BUNDLE_IDENTIFIER = com.xiyoushuaige.Project27;
				PRODUCT_NAME = "$(TARGET_NAME)";
			};
			name = Release;
		};
/* End XCBuildConfiguration section */

/* Begin XCConfigurationList section */
		6ED11AD41CD8A23000CE4820 /* Build configuration list for PBXProject "Project27" */ = {
			isa = XCConfigurationList;
			buildConfigurations = (
				6ED11AE91CD8A23000CE4820 /* Debug */,
				6ED11AEA1CD8A23000CE4820 /* Release */,
			);
			defaultConfigurationIsVisible = 0;
			defaultConfigurationName = Release;
		};
		6ED11AEB1CD8A23000CE4820 /* Build configuration list for PBXNativeTarget "Project27" */ = {
			isa = XCConfigurationList;
			buildConfigurations = (
				6ED11AEC1CD8A23000CE4820 /* Debug */,
				6ED11AED1CD8A23000CE4820 /* Release */,
			);
			defaultConfigurationIsVisible = 0;
		};
/* End XCConfigurationList section */
	};
	rootObject = 6ED11AD11CD8A23000CE4820 /* Project object */;
}
